{
    "_meta": {
        "hash": {
            "sha256": "56e46056e07b72ebc372924868928456bf753676b8204e9dd931f2a5ecad76d2"
        },
        "pipfile-spec": 6,
        "requires": {
            "python_full_version": "3.10.0",
            "python_version": "3.10"
        },
        "sources": [
            {
                "name": "pypi",
                "url": "https://pypi.org/simple",
                "verify_ssl": true
            }
        ]
    },
    "default": {
        "asgiref": {
            "hashes": [
                "sha256:3e1e3ecc849832fe52ccf2cb6686b7a55f82bb1d6aee72a58826471390335e47",
                "sha256:c343bd80a0bec947a9860adb4c432ffa7db769836c64238fc34bdc3fec84d590"
            ],
            "markers": "python_version >= '3.8'",
            "version": "==3.8.1"
        },
        "astroid": {
            "hashes": [
                "sha256:187ccc0c248bfbba564826c26f070494f7bc964fd286b6d9fff4420e55de828c",
                "sha256:a88c7994f914a4ea8572fac479459f4955eeccc877be3f2d959a33273b0cf40b"
            ],
            "markers": "python_full_version >= '3.9.0'",
            "version": "==3.3.8"
        },
        "colorama": {
            "hashes": [
                "sha256:08695f5cb7ed6e0531a20572697297273c47b8cae5a63ffc6d6ed5c201be6e44",
                "sha256:4f1d9991f5acc0ca119f9d443620b77f9d6b33703e51011c16baf57afb285fc6"
            ],
            "markers": "python_version >= '2.7' and python_version not in '3.0, 3.1, 3.2, 3.3, 3.4, 3.5, 3.6'",
            "version": "==0.4.6"
        },
        "dill": {
            "hashes": [
                "sha256:468dff3b89520b474c0397703366b7b95eebe6303f108adf9b19da1f702be87a",
                "sha256:81aa267dddf68cbfe8029c42ca9ec6a4ab3b22371d1c450abc54422577b4512c"
            ],
            "markers": "python_version >= '3.8'",
            "version": "==0.3.9"
        },
        "django": {
            "hashes": [
                "sha256:1e39eafdd1b185e761d9fab7a9f0b9fa00af1b37b25ad980a8aa0dac13535690",
                "sha256:8d203400bc2952fbfb287c2bbda630297d654920c72a73cc82a9ad7926feaad5"
            ],
            "index": "pypi",
            "markers": "python_version >= '3.10'",
            "version": "==5.1.6"
        },
        "django-ckeditor": {
            "hashes": [
                "sha256:2b3f147ce21eba861db481683e9a4639c11f0ad1f0d37c179003ef07f9eb65a4",
                "sha256:a66be4f0ca13924d756e4930260144b31df4164eae8b942ca610f4313df00d5f"
            ],
            "index": "pypi",
            "markers": "python_version >= '3.8'",
            "version": "==6.7.2"
        },
        "django-js-asset": {
            "hashes": [
                "sha256:1fc7584199ed1941ed7c8e7b87ca5524bb0f2ba941561d2a104e88ee9f07bedd",
                "sha256:b5ffe376aebbd73b7af886d675ac9f43ca63b39540190fa8409c9f8e79145f68"
            ],
            "markers": "python_version >= '3.10'",
            "version": "==3.1.2"
        },
        "isort": {
            "hashes": [
                "sha256:1cb5df28dfbc742e490c5e41bad6da41b805b0a8be7bc93cd0fb2a8a890ac450",
                "sha256:2dc5d7f65c9678d94c88dfc29161a320eec67328bc97aad576874cb4be1e9615"
            ],
            "markers": "python_full_version >= '3.9.0'",
            "version": "==6.0.1"
        },
        "mccabe": {
            "hashes": [
                "sha256:348e0240c33b60bbdf4e523192ef919f28cb2c3d7d5c7794f74009290f236325",
                "sha256:6c2d30ab6be0e4a46919781807b4f0d834ebdd6c6e3dca0bda5a15f863427b6e"
            ],
            "markers": "python_version >= '3.6'",
            "version": "==0.7.0"
        },
        "pillow": {
            "hashes": [
                "sha256:015c6e863faa4779251436db398ae75051469f7c903b043a48f078e437656f83",
                "sha256:0a2f91f8a8b367e7a57c6e91cd25af510168091fb89ec5146003e424e1558a96",
                "sha256:11633d58b6ee5733bde153a8dafd25e505ea3d32e261accd388827ee987baf65",
                "sha256:2062ffb1d36544d42fcaa277b069c88b01bb7298f4efa06731a7fd6cc290b81a",
                "sha256:31eba6bbdd27dde97b0174ddf0297d7a9c3a507a8a1480e1e60ef914fe23d352",
                "sha256:3362c6ca227e65c54bf71a5f88b3d4565ff1bcbc63ae72c34b07bbb1cc59a43f",
                "sha256:368da70808b36d73b4b390a8ffac11069f8a5c85f29eff1f1b01bcf3ef5b2a20",
                "sha256:36ba10b9cb413e7c7dfa3e189aba252deee0602c86c309799da5a74009ac7a1c",
                "sha256:3764d53e09cdedd91bee65c2527815d315c6b90d7b8b79759cc48d7bf5d4f114",
                "sha256:3a5fe20a7b66e8135d7fd617b13272626a28278d0e578c98720d9ba4b2439d49",
                "sha256:3cdcdb0b896e981678eee140d882b70092dac83ac1cdf6b3a60e2216a73f2b91",
                "sha256:4637b88343166249fe8aa94e7c4a62a180c4b3898283bb5d3d2fd5fe10d8e4e0",
                "sha256:4db853948ce4e718f2fc775b75c37ba2efb6aaea41a1a5fc57f0af59eee774b2",
                "sha256:4dd43a78897793f60766563969442020e90eb7847463eca901e41ba186a7d4a5",
                "sha256:54251ef02a2309b5eec99d151ebf5c9904b77976c8abdcbce7891ed22df53884",
                "sha256:54ce1c9a16a9561b6d6d8cb30089ab1e5eb66918cb47d457bd996ef34182922e",
                "sha256:593c5fd6be85da83656b93ffcccc2312d2d149d251e98588b14fbc288fd8909c",
                "sha256:5bb94705aea800051a743aa4874bb1397d4695fb0583ba5e425ee0328757f196",
                "sha256:67cd427c68926108778a9005f2a04adbd5e67c442ed21d95389fe1d595458756",
                "sha256:70ca5ef3b3b1c4a0812b5c63c57c23b63e53bc38e758b37a951e5bc466449861",
                "sha256:73ddde795ee9b06257dac5ad42fcb07f3b9b813f8c1f7f870f402f4dc54b5269",
                "sha256:758e9d4ef15d3560214cddbc97b8ef3ef86ce04d62ddac17ad39ba87e89bd3b1",
                "sha256:7d33d2fae0e8b170b6a6c57400e077412240f6f5bb2a342cf1ee512a787942bb",
                "sha256:7fdadc077553621911f27ce206ffcbec7d3f8d7b50e0da39f10997e8e2bb7f6a",
                "sha256:8000376f139d4d38d6851eb149b321a52bb8893a88dae8ee7d95840431977081",
                "sha256:837060a8599b8f5d402e97197d4924f05a2e0d68756998345c829c33186217b1",
                "sha256:89dbdb3e6e9594d512780a5a1c42801879628b38e3efc7038094430844e271d8",
                "sha256:8c730dc3a83e5ac137fbc92dfcfe1511ce3b2b5d7578315b63dbbb76f7f51d90",
                "sha256:8e275ee4cb11c262bd108ab2081f750db2a1c0b8c12c1897f27b160c8bd57bbc",
                "sha256:9044b5e4f7083f209c4e35aa5dd54b1dd5b112b108648f5c902ad586d4f945c5",
                "sha256:93a18841d09bcdd774dcdc308e4537e1f867b3dec059c131fde0327899734aa1",
                "sha256:9409c080586d1f683df3f184f20e36fb647f2e0bc3988094d4fd8c9f4eb1b3b3",
                "sha256:96f82000e12f23e4f29346e42702b6ed9a2f2fea34a740dd5ffffcc8c539eb35",
                "sha256:9aa9aeddeed452b2f616ff5507459e7bab436916ccb10961c4a382cd3e03f47f",
                "sha256:9ee85f0696a17dd28fbcfceb59f9510aa71934b483d1f5601d1030c3c8304f3c",
                "sha256:a07dba04c5e22824816b2615ad7a7484432d7f540e6fa86af60d2de57b0fcee2",
                "sha256:a3cd561ded2cf2bbae44d4605837221b987c216cff94f49dfeed63488bb228d2",
                "sha256:a697cd8ba0383bba3d2d3ada02b34ed268cb548b369943cd349007730c92bddf",
                "sha256:a76da0a31da6fcae4210aa94fd779c65c75786bc9af06289cd1c184451ef7a65",
                "sha256:a85b653980faad27e88b141348707ceeef8a1186f75ecc600c395dcac19f385b",
                "sha256:a8d65b38173085f24bc07f8b6c505cbb7418009fa1a1fcb111b1f4961814a442",
                "sha256:aa8dd43daa836b9a8128dbe7d923423e5ad86f50a7a14dc688194b7be5c0dea2",
                "sha256:ab8a209b8485d3db694fa97a896d96dd6533d63c22829043fd9de627060beade",
                "sha256:abc56501c3fd148d60659aae0af6ddc149660469082859fa7b066a298bde9482",
                "sha256:ad5db5781c774ab9a9b2c4302bbf0c1014960a0a7be63278d13ae6fdf88126fe",
                "sha256:ae98e14432d458fc3de11a77ccb3ae65ddce70f730e7c76140653048c71bfcbc",
                "sha256:b20be51b37a75cc54c2c55def3fa2c65bb94ba859dde241cd0a4fd302de5ae0a",
                "sha256:b523466b1a31d0dcef7c5be1f20b942919b62fd6e9a9be199d035509cbefc0ec",
                "sha256:b5d658fbd9f0d6eea113aea286b21d3cd4d3fd978157cbf2447a6035916506d3",
                "sha256:b6123aa4a59d75f06e9dd3dac5bf8bc9aa383121bb3dd9a7a612e05eabc9961a",
                "sha256:bd165131fd51697e22421d0e467997ad31621b74bfc0b75956608cb2906dda07",
                "sha256:bf902d7413c82a1bfa08b06a070876132a5ae6b2388e2712aab3a7cbc02205c6",
                "sha256:c12fc111ef090845de2bb15009372175d76ac99969bdf31e2ce9b42e4b8cd88f",
                "sha256:c1eec9d950b6fe688edee07138993e54ee4ae634c51443cfb7c1e7613322718e",
                "sha256:c640e5a06869c75994624551f45e5506e4256562ead981cce820d5ab39ae2192",
                "sha256:cc1331b6d5a6e144aeb5e626f4375f5b7ae9934ba620c0ac6b3e43d5e683a0f0",
                "sha256:cfd5cd998c2e36a862d0e27b2df63237e67273f2fc78f47445b14e73a810e7e6",
                "sha256:d3d8da4a631471dfaf94c10c85f5277b1f8e42ac42bade1ac67da4b4a7359b73",
                "sha256:d44ff19eea13ae4acdaaab0179fa68c0c6f2f45d66a4d8ec1eda7d6cecbcc15f",
                "sha256:dd0052e9db3474df30433f83a71b9b23bd9e4ef1de13d92df21a52c0303b8ab6",
                "sha256:dd0e081319328928531df7a0e63621caf67652c8464303fd102141b785ef9547",
                "sha256:dda60aa465b861324e65a78c9f5cf0f4bc713e4309f83bc387be158b077963d9",
                "sha256:e06695e0326d05b06833b40b7ef477e475d0b1ba3a6d27da1bb48c23209bf457",
                "sha256:e1abe69aca89514737465752b4bcaf8016de61b3be1397a8fc260ba33321b3a8",
                "sha256:e267b0ed063341f3e60acd25c05200df4193e15a4a5807075cd71225a2386e26",
                "sha256:e5449ca63da169a2e6068dd0e2fcc8d91f9558aba89ff6d02121ca8ab11e79e5",
                "sha256:e63e4e5081de46517099dc30abe418122f54531a6ae2ebc8680bcd7096860eab",
                "sha256:f189805c8be5ca5add39e6f899e6ce2ed824e65fb45f3c28cb2841911da19070",
                "sha256:f7955ecf5609dee9442cbface754f2c6e541d9e6eda87fad7f7a989b0bdb9d71",
                "sha256:f86d3a7a9af5d826744fabf4afd15b9dfef44fe69a98541f666f66fbb8d3fef9",
                "sha256:fbd43429d0d7ed6533b25fc993861b8fd512c42d04514a0dd6337fb3ccf22761"
            ],
            "index": "pypi",
            "markers": "python_version >= '3.9'",
            "version": "==11.1.0"
        },
        "platformdirs": {
            "hashes": [
                "sha256:357fb2acbc885b0419afd3ce3ed34564c13c9b95c89360cd9563f73aa5e2b907",
                "sha256:73e575e1408ab8103900836b97580d5307456908a03e92031bab39e4554cc3fb"
            ],
            "markers": "python_version >= '3.8'",
            "version": "==4.3.6"
        },
        "pylint": {
            "hashes": [
                "sha256:289e6a1eb27b453b08436478391a48cd53bb0efb824873f949e709350f3de018",
                "sha256:74ae7a38b177e69a9b525d0794bd8183820bfa7eb68cc1bee6e8ed22a42be4ce"
            ],
            "index": "pypi",
            "markers": "python_full_version >= '3.9.0'",
            "version": "==3.3.4"
        },
        "pylint-django": {
            "hashes": [
                "sha256:19e8c85a8573a04e3de7be2ba91e9a7c818ebf05e1b617be2bbae67a906b725f",
                "sha256:359f68fe8c810ee6bc8e1ab4c83c19b15a43b234a24b08978f47a23462b5ce28"
            ],
            "index": "pypi",
            "markers": "python_version >= '3.9' and python_version < '4.0'",
            "version": "==2.6.1"
        },
        "pylint-plugin-utils": {
            "hashes": [
                "sha256:ae11664737aa2effbf26f973a9e0b6779ab7106ec0adc5fe104b0907ca04e507",
                "sha256:d3cebf68a38ba3fba23a873809155562571386d4c1b03e5b4c4cc26c3eee93e4"
            ],
            "markers": "python_version >= '3.7' and python_version < '4.0'",
            "version": "==0.8.2"
        },
        "sqlparse": {
            "hashes": [
                "sha256:09f67787f56a0b16ecdbde1bfc7f5d9c3371ca683cfeaa8e6ff60b4807ec9272",
                "sha256:cf2196ed3418f3ba5de6af7e82c694a9fbdbfecccdfc72e281548517081f16ca"
            ],
            "markers": "python_version >= '3.8'",
            "version": "==0.5.3"
        },
        "tomli": {
            "hashes": [
                "sha256:023aa114dd824ade0100497eb2318602af309e5a55595f76b626d6d9f3b7b0a6",
                "sha256:02abe224de6ae62c19f090f68da4e27b10af2b93213d36cf44e6e1c5abd19fdd",
                "sha256:286f0ca2ffeeb5b9bd4fcc8d6c330534323ec51b2f52da063b11c502da16f30c",
                "sha256:2d0f2fdd22b02c6d81637a3c95f8cd77f995846af7414c5c4b8d0545afa1bc4b",
                "sha256:33580bccab0338d00994d7f16f4c4ec25b776af3ffaac1ed74e0b3fc95e885a8",
                "sha256:400e720fe168c0f8521520190686ef8ef033fb19fc493da09779e592861b78c6",
                "sha256:40741994320b232529c802f8bc86da4e1aa9f413db394617b9a256ae0f9a7f77",
                "sha256:465af0e0875402f1d226519c9904f37254b3045fc5084697cefb9bdde1ff99ff",
                "sha256:4a8f6e44de52d5e6c657c9fe83b562f5f4256d8ebbfe4ff922c495620a7f6cea",
                "sha256:4e340144ad7ae1533cb897d406382b4b6fede8890a03738ff1683af800d54192",
                "sha256:678e4fa69e4575eb77d103de3df8a895e1591b48e740211bd1067378c69e8249",
                "sha256:6972ca9c9cc9f0acaa56a8ca1ff51e7af152a9f87fb64623e31d5c83700080ee",
                "sha256:7fc04e92e1d624a4a63c76474610238576942d6b8950a2d7f908a340494e67e4",
                "sha256:889f80ef92701b9dbb224e49ec87c645ce5df3fa2cc548664eb8a25e03127a98",
                "sha256:8d57ca8095a641b8237d5b079147646153d22552f1c637fd3ba7f4b0b29167a8",
                "sha256:8dd28b3e155b80f4d54beb40a441d366adcfe740969820caf156c019fb5c7ec4",
                "sha256:9316dc65bed1684c9a98ee68759ceaed29d229e985297003e494aa825ebb0281",
                "sha256:a198f10c4d1b1375d7687bc25294306e551bf1abfa4eace6650070a5c1ae2744",
                "sha256:a38aa0308e754b0e3c67e344754dff64999ff9b513e691d0e786265c93583c69",
                "sha256:a92ef1a44547e894e2a17d24e7557a5e85a9e1d0048b0b5e7541f76c5032cb13",
                "sha256:ac065718db92ca818f8d6141b5f66369833d4a80a9d74435a268c52bdfa73140",
                "sha256:b82ebccc8c8a36f2094e969560a1b836758481f3dc360ce9a3277c65f374285e",
                "sha256:c954d2250168d28797dd4e3ac5cf812a406cd5a92674ee4c8f123c889786aa8e",
                "sha256:cb55c73c5f4408779d0cf3eef9f762b9c9f147a77de7b258bef0a5628adc85cc",
                "sha256:cd45e1dc79c835ce60f7404ec8119f2eb06d38b1deba146f07ced3bbc44505ff",
                "sha256:d3f5614314d758649ab2ab3a62d4f2004c825922f9e370b29416484086b264ec",
                "sha256:d920f33822747519673ee656a4b6ac33e382eca9d331c87770faa3eef562aeb2",
                "sha256:db2b95f9de79181805df90bedc5a5ab4c165e6ec3fe99f970d0e302f384ad222",
                "sha256:e59e304978767a54663af13c07b3d1af22ddee3bb2fb0618ca1593e4f593a106",
                "sha256:e85e99945e688e32d5a35c1ff38ed0b3f41f43fad8df0bdf79f72b2ba7bc5272",
                "sha256:ece47d672db52ac607a3d9599a9d48dcb2f2f735c6c2d1f34130085bb12b112a",
                "sha256:f4039b9cbc3048b2416cc57ab3bda989a6fcf9b36cf8937f01a6e731b64f80d7"
            ],
            "markers": "python_version >= '3.8'",
            "version": "==2.2.1"
        },
        "tomlkit": {
            "hashes": [
                "sha256:7a974427f6e119197f670fbbbeae7bef749a6c14e793db934baefc1b5f03efde",
                "sha256:fff5fe59a87295b278abd31bec92c15d9bc4a06885ab12bcea52c71119392e79"
            ],
            "markers": "python_version >= '3.8'",
            "version": "==0.13.2"
        },
        "typing-extensions": {
            "hashes": [
                "sha256:04e5ca0351e0f3f85c6853954072df659d0d13fac324d0072316b67d7794700d",
                "sha256:1a7ead55c7e559dd4dee8856e3a88b41225abfe1ce8df57b7c13915fe121ffb8"
            ],
            "markers": "python_version >= '3.8'",
            "version": "==4.12.2"
        },
        "tzdata": {
            "hashes": [
                "sha256:24894909e88cdb28bd1636c6887801df64cb485bd593f2fd83ef29075a81d694",
                "sha256:7e127113816800496f027041c570f50bcd464a020098a3b6b199517772303639"
            ],
            "markers": "python_version >= '2'",
            "version": "==2025.1"
        }
    },
    "develop": {}
}
